
Microsoft Visual Studio Solution File, Format Version 12.00
# Visual Studio Version 17
VisualStudioVersion = 17.14.36705.20 d17.14
MinimumVisualStudioVersion = 10.0.40219.1
Project("{FAE04EC0-301F-11D3-BF4B-00C04F79EFBC}") = "GUI", "GUI\GUI.csproj", "{C1570417-AEF0-456C-8C20-140F34214D8B}"
EndProject
Project("{FAE04EC0-301F-11D3-BF4B-00C04F79EFBC}") = "BUS", "BUS\BUS.csproj", "{1C974120-2C40-4941-8A85-7E181C0B1190}"
EndProject
Project("{FAE04EC0-301F-11D3-BF4B-00C04F79EFBC}") = "DATA", "DATA\DATA.csproj", "{FA5571BB-1719-4350-9582-AB54CC445FF2}"
EndProject
Project("{FAE04EC0-301F-11D3-BF4B-00C04F79EFBC}") = "BUS_CHUC_NANG", "BUS_CHUC_NANG\BUS_CHUC_NANG.csproj", "{2BA84F02-8565-4025-82E2-1EB0A9953AE5}"
EndProject
Global
	GlobalSection(SolutionConfigurationPlatforms) = preSolution
		Debug|Any CPU = Debug|Any CPU
		Release|Any CPU = Release|Any CPU
	EndGlobalSection
	GlobalSection(ProjectConfigurationPlatforms) = postSolution
		{C1570417-AEF0-456C-8C20-140F34214D8B}.Debug|Any CPU.ActiveCfg = Debug|Any CPU
		{C1570417-AEF0-456C-8C20-140F34214D8B}.Debug|Any CPU.Build.0 = Debug|Any CPU
		{C1570417-AEF0-456C-8C20-140F34214D8B}.Release|Any CPU.ActiveCfg = Release|Any CPU
		{C1570417-AEF0-456C-8C20-140F34214D8B}.Release|Any CPU.Build.0 = Release|Any CPU
		{1C974120-2C40-4941-8A85-7E181C0B1190}.Debug|Any CPU.ActiveCfg = Debug|Any CPU
		{1C974120-2C40-4941-8A85-7E181C0B1190}.Debug|Any CPU.Build.0 = Debug|Any CPU
		{1C974120-2C40-4941-8A85-7E181C0B1190}.Release|Any CPU.ActiveCfg = Release|Any CPU
		{1C974120-2C40-4941-8A85-7E181C0B1190}.Release|Any CPU.Build.0 = Release|Any CPU
		{FA5571BB-1719-4350-9582-AB54CC445FF2}.Debug|Any CPU.ActiveCfg = Debug|Any CPU
		{FA5571BB-1719-4350-9582-AB54CC445FF2}.Debug|Any CPU.Build.0 = Debug|Any CPU
		{FA5571BB-1719-4350-9582-AB54CC445FF2}.Release|Any CPU.ActiveCfg = Release|Any CPU
		{FA5571BB-1719-4350-9582-AB54CC445FF2}.Release|Any CPU.Build.0 = Release|Any CPU
		{2BA84F02-8565-4025-82E2-1EB0A9953AE5}.Debug|Any CPU.ActiveCfg = Debug|Any CPU
		{2BA84F02-8565-4025-82E2-1EB0A9953AE5}.Debug|Any CPU.Build.0 = Debug|Any CPU
		{2BA84F02-8565-4025-82E2-1EB0A9953AE5}.Release|Any CPU.ActiveCfg = Release|Any CPU
		{2BA84F02-8565-4025-82E2-1EB0A9953AE5}.Release|Any CPU.Build.0 = Release|Any CPU
	EndGlobalSection
	GlobalSection(SolutionProperties) = preSolution
		HideSolutionNode = FALSE
	EndGlobalSection
	GlobalSection(ExtensibilityGlobals) = postSolution
		SolutionGuid = {289EEE85-0785-4441-BF2C-F24B1566E21A}
	EndGlobalSection
EndGlobal
